
Microsoft Visual Studio Solution File, Format Version 12.00
# Visual Studio Version 16
VisualStudioVersion = 16.0.29020.237
MinimumVisualStudioVersion = 10.0.40219.1
Project("{2150E333-8FDC-42A3-9474-1A3956D46DE8}") = "src", "src", "{CA9AC87F-097E-4F15-8393-4BC07735A5B0}"
EndProject
Project("{2150E333-8FDC-42A3-9474-1A3956D46DE8}") = "test", "test", "{04DBDB01-70F4-4E06-B468-8F87850B22BE}"
EndProject
Project("{FAE04EC0-301F-11D3-BF4B-00C04F79EFBC}") = "AetherLink.Multisignature", "src\AetherLink.Multisignature\AetherLink.Multisignature.csproj", "{40FAD8D1-36F3-4073-A3C7-615657F491AA}"
EndProject
Project("{FAE04EC0-301F-11D3-BF4B-00C04F79EFBC}") = "AetherLink.Multisignature.Tests", "test\AetherLink.Multisignature.Tests\AetherLink.Multisignature.Tests.csproj", "{B7F794B7-16FA-48E5-8476-3314A1621079}"
EndProject
Project("{FAE04EC0-301F-11D3-BF4B-00C04F79EFBC}") = "AetherLink.Worker.Core", "src\AetherLink.Worker.Core\AetherLink.Worker.Core.csproj", "{B00C9E2E-CD12-4640-AFD2-57A3E9CC6371}"
EndProject
Project("{FAE04EC0-301F-11D3-BF4B-00C04F79EFBC}") = "AetherLink.Worker", "src\AetherLink.Worker\AetherLink.Worker.csproj", "{259527FA-F8A9-44BF-8447-B85771517BDA}"
EndProject
Project("{FAE04EC0-301F-11D3-BF4B-00C04F79EFBC}") = "AetherLink.MockServer", "src\AetherLink.MockServer\AetherLink.MockServer.csproj", "{7AB4D23D-0D10-4758-9AA4-CC2CC6B02F91}"
EndProject
Project("{FAE04EC0-301F-11D3-BF4B-00C04F79EFBC}") = "Aetherlink.PriceServer.HttpApi", "src\Aetherlink.PriceServer.HttpApi\Aetherlink.PriceServer.HttpApi.csproj", "{9FBCE2F0-2339-40E1-B2C3-0350812A8502}"
EndProject
Project("{FAE04EC0-301F-11D3-BF4B-00C04F79EFBC}") = "Aetherlink.PriceServer.HttpApi.Host", "src\Aetherlink.PriceServer.HttpApi.Host\Aetherlink.PriceServer.HttpApi.Host.csproj", "{BCD51552-CE41-4103-9D27-76530B5C6595}"
EndProject
Project("{FAE04EC0-301F-11D3-BF4B-00C04F79EFBC}") = "Aetherlink.PriceServer", "src\Aetherlink.PriceServer\Aetherlink.PriceServer.csproj", "{23946B10-264A-44A4-B0CD-DDD0DF53406C}"
EndProject
Project("{FAE04EC0-301F-11D3-BF4B-00C04F79EFBC}") = "Aetherlink.PriceServer.Tests", "test\Aetherlink.PriceServer.Tests\Aetherlink.PriceServer.Tests.csproj", "{1F89558E-992E-459C-9C87-9CA026AA7DD6}"
EndProject
Project("{FAE04EC0-301F-11D3-BF4B-00C04F79EFBC}") = "Aetherlink.TestBase", "test\Aetherlink.TestBase\Aetherlink.TestBase.csproj", "{B51EC479-D16B-41F7-A907-6EBAFD0FE2FD}"
EndProject
Project("{FAE04EC0-301F-11D3-BF4B-00C04F79EFBC}") = "AetherLink.Metric", "src\AetherLink.Metric\AetherLink.Metric.csproj", "{28A22869-696F-4258-A0EE-1CCE984E8720}"
EndProject
Project("{FAE04EC0-301F-11D3-BF4B-00C04F79EFBC}") = "AetherLink.Server.Silo", "src\AetherLink.Server.Silo\AetherLink.Server.Silo.csproj", "{C3D0ACFD-6FBD-406F-A52F-DF0E67ACA399}"
EndProject
Project("{FAE04EC0-301F-11D3-BF4B-00C04F79EFBC}") = "AetherLink.Server.Grain", "src\AetherLink.Server.Grain\AetherLink.Server.Grain.csproj", "{83D8B522-7EF9-4A53-9645-E6100DA7EDB1}"
EndProject
Project("{FAE04EC0-301F-11D3-BF4B-00C04F79EFBC}") = "AetherLink.Server.HttpApi", "src\AetherLink.Server.HttpApi\AetherLink.Server.HttpApi.csproj", "{11DEDC83-6C70-42B5-A45C-8D7BF1BF1E1C}"
EndProject
Project("{FAE04EC0-301F-11D3-BF4B-00C04F79EFBC}") = "AetherLink.Server.HttpApi.Host", "src\AetherLink.Server.HttpApi.Host\AetherLink.Server.HttpApi.Host.csproj", "{C015C971-1362-4BA1-8490-C3180DC245BE}"
EndProject
Project("{FAE04EC0-301F-11D3-BF4B-00C04F79EFBC}") = "AetherLink.Indexer", "src\AetherLink.Indexer\AetherLink.Indexer.csproj", "{DF478AF7-C27F-456A-99E7-79EA17833969}"
EndProject
Project("{FAE04EC0-301F-11D3-BF4B-00C04F79EFBC}") = "Aetherlink.Worker.Core.Tests", "test\Aetherlink.Worker.Core.Tests\Aetherlink.Worker.Core.Tests.csproj", "{13092FE0-3CCA-40D8-AA0F-C827EC8C373F}"
EndProject
Project("{FAE04EC0-301F-11D3-BF4B-00C04F79EFBC}") = "AetherLink.Server.Domain.Shared", "src\AetherLink.Server.Domain.Shared\AetherLink.Server.Domain.Shared.csproj", "{02F7D3FD-6663-4274-AAAB-12D5122E246E}"
EndProject
Project("{FAE04EC0-301F-11D3-BF4B-00C04F79EFBC}") = "AetherLink.Server.Domain", "src\AetherLink.Server.Domain\AetherLink.Server.Domain.csproj", "{19E7699F-A483-4725-A30F-DBD6B171362B}"
EndProject
Project("{FAE04EC0-301F-11D3-BF4B-00C04F79EFBC}") = "AetherLink.Server.DbMigrator", "src\AetherLink.Server.DbMigrator\AetherLink.Server.DbMigrator.csproj", "{A16488BC-BBA9-4437-B0DC-5DBEEEAE356E}"
EndProject
Project("{FAE04EC0-301F-11D3-BF4B-00C04F79EFBC}") = "AetherLink.Server.EntityFrameworkCore", "src\AetherLink.Server.EntityFrameworkCore\AetherLink.Server.EntityFrameworkCore.csproj", "{9009408A-8328-41B4-B937-D549751E99D5}"
EndProject
Global
	GlobalSection(SolutionConfigurationPlatforms) = preSolution
		Debug|Any CPU = Debug|Any CPU
		Release|Any CPU = Release|Any CPU
	EndGlobalSection
	GlobalSection(ProjectConfigurationPlatforms) = postSolution
		{40FAD8D1-36F3-4073-A3C7-615657F491AA}.Debug|Any CPU.ActiveCfg = Debug|Any CPU
		{40FAD8D1-36F3-4073-A3C7-615657F491AA}.Debug|Any CPU.Build.0 = Debug|Any CPU
		{40FAD8D1-36F3-4073-A3C7-615657F491AA}.Release|Any CPU.ActiveCfg = Release|Any CPU
		{40FAD8D1-36F3-4073-A3C7-615657F491AA}.Release|Any CPU.Build.0 = Release|Any CPU
		{B7F794B7-16FA-48E5-8476-3314A1621079}.Debug|Any CPU.ActiveCfg = Debug|Any CPU
		{B7F794B7-16FA-48E5-8476-3314A1621079}.Debug|Any CPU.Build.0 = Debug|Any CPU
		{B7F794B7-16FA-48E5-8476-3314A1621079}.Release|Any CPU.ActiveCfg = Release|Any CPU
		{B7F794B7-16FA-48E5-8476-3314A1621079}.Release|Any CPU.Build.0 = Release|Any CPU
		{B00C9E2E-CD12-4640-AFD2-57A3E9CC6371}.Debug|Any CPU.ActiveCfg = Debug|Any CPU
		{B00C9E2E-CD12-4640-AFD2-57A3E9CC6371}.Debug|Any CPU.Build.0 = Debug|Any CPU
		{B00C9E2E-CD12-4640-AFD2-57A3E9CC6371}.Release|Any CPU.ActiveCfg = Release|Any CPU
		{B00C9E2E-CD12-4640-AFD2-57A3E9CC6371}.Release|Any CPU.Build.0 = Release|Any CPU
		{259527FA-F8A9-44BF-8447-B85771517BDA}.Debug|Any CPU.ActiveCfg = Debug|Any CPU
		{259527FA-F8A9-44BF-8447-B85771517BDA}.Debug|Any CPU.Build.0 = Debug|Any CPU
		{259527FA-F8A9-44BF-8447-B85771517BDA}.Release|Any CPU.ActiveCfg = Release|Any CPU
		{259527FA-F8A9-44BF-8447-B85771517BDA}.Release|Any CPU.Build.0 = Release|Any CPU
		{7AB4D23D-0D10-4758-9AA4-CC2CC6B02F91}.Debug|Any CPU.ActiveCfg = Debug|Any CPU
		{7AB4D23D-0D10-4758-9AA4-CC2CC6B02F91}.Debug|Any CPU.Build.0 = Debug|Any CPU
		{7AB4D23D-0D10-4758-9AA4-CC2CC6B02F91}.Release|Any CPU.ActiveCfg = Release|Any CPU
		{7AB4D23D-0D10-4758-9AA4-CC2CC6B02F91}.Release|Any CPU.Build.0 = Release|Any CPU
		{9FBCE2F0-2339-40E1-B2C3-0350812A8502}.Debug|Any CPU.ActiveCfg = Debug|Any CPU
		{9FBCE2F0-2339-40E1-B2C3-0350812A8502}.Debug|Any CPU.Build.0 = Debug|Any CPU
		{9FBCE2F0-2339-40E1-B2C3-0350812A8502}.Release|Any CPU.ActiveCfg = Release|Any CPU
		{9FBCE2F0-2339-40E1-B2C3-0350812A8502}.Release|Any CPU.Build.0 = Release|Any CPU
		{BCD51552-CE41-4103-9D27-76530B5C6595}.Debug|Any CPU.ActiveCfg = Debug|Any CPU
		{BCD51552-CE41-4103-9D27-76530B5C6595}.Debug|Any CPU.Build.0 = Debug|Any CPU
		{BCD51552-CE41-4103-9D27-76530B5C6595}.Release|Any CPU.ActiveCfg = Release|Any CPU
		{BCD51552-CE41-4103-9D27-76530B5C6595}.Release|Any CPU.Build.0 = Release|Any CPU
		{23946B10-264A-44A4-B0CD-DDD0DF53406C}.Debug|Any CPU.ActiveCfg = Debug|Any CPU
		{23946B10-264A-44A4-B0CD-DDD0DF53406C}.Debug|Any CPU.Build.0 = Debug|Any CPU
		{23946B10-264A-44A4-B0CD-DDD0DF53406C}.Release|Any CPU.ActiveCfg = Release|Any CPU
		{23946B10-264A-44A4-B0CD-DDD0DF53406C}.Release|Any CPU.Build.0 = Release|Any CPU
		{1F89558E-992E-459C-9C87-9CA026AA7DD6}.Debug|Any CPU.ActiveCfg = Debug|Any CPU
		{1F89558E-992E-459C-9C87-9CA026AA7DD6}.Debug|Any CPU.Build.0 = Debug|Any CPU
		{1F89558E-992E-459C-9C87-9CA026AA7DD6}.Release|Any CPU.ActiveCfg = Release|Any CPU
		{1F89558E-992E-459C-9C87-9CA026AA7DD6}.Release|Any CPU.Build.0 = Release|Any CPU
		{B51EC479-D16B-41F7-A907-6EBAFD0FE2FD}.Debug|Any CPU.ActiveCfg = Debug|Any CPU
		{B51EC479-D16B-41F7-A907-6EBAFD0FE2FD}.Debug|Any CPU.Build.0 = Debug|Any CPU
		{B51EC479-D16B-41F7-A907-6EBAFD0FE2FD}.Release|Any CPU.ActiveCfg = Release|Any CPU
		{B51EC479-D16B-41F7-A907-6EBAFD0FE2FD}.Release|Any CPU.Build.0 = Release|Any CPU
		{28A22869-696F-4258-A0EE-1CCE984E8720}.Debug|Any CPU.ActiveCfg = Debug|Any CPU
		{28A22869-696F-4258-A0EE-1CCE984E8720}.Debug|Any CPU.Build.0 = Debug|Any CPU
		{28A22869-696F-4258-A0EE-1CCE984E8720}.Release|Any CPU.ActiveCfg = Release|Any CPU
		{28A22869-696F-4258-A0EE-1CCE984E8720}.Release|Any CPU.Build.0 = Release|Any CPU
		{C3D0ACFD-6FBD-406F-A52F-DF0E67ACA399}.Debug|Any CPU.ActiveCfg = Debug|Any CPU
		{C3D0ACFD-6FBD-406F-A52F-DF0E67ACA399}.Debug|Any CPU.Build.0 = Debug|Any CPU
		{C3D0ACFD-6FBD-406F-A52F-DF0E67ACA399}.Release|Any CPU.ActiveCfg = Release|Any CPU
		{C3D0ACFD-6FBD-406F-A52F-DF0E67ACA399}.Release|Any CPU.Build.0 = Release|Any CPU
		{83D8B522-7EF9-4A53-9645-E6100DA7EDB1}.Debug|Any CPU.ActiveCfg = Debug|Any CPU
		{83D8B522-7EF9-4A53-9645-E6100DA7EDB1}.Debug|Any CPU.Build.0 = Debug|Any CPU
		{83D8B522-7EF9-4A53-9645-E6100DA7EDB1}.Release|Any CPU.ActiveCfg = Release|Any CPU
		{83D8B522-7EF9-4A53-9645-E6100DA7EDB1}.Release|Any CPU.Build.0 = Release|Any CPU
		{11DEDC83-6C70-42B5-A45C-8D7BF1BF1E1C}.Debug|Any CPU.ActiveCfg = Debug|Any CPU
		{11DEDC83-6C70-42B5-A45C-8D7BF1BF1E1C}.Debug|Any CPU.Build.0 = Debug|Any CPU
		{11DEDC83-6C70-42B5-A45C-8D7BF1BF1E1C}.Release|Any CPU.ActiveCfg = Release|Any CPU
		{11DEDC83-6C70-42B5-A45C-8D7BF1BF1E1C}.Release|Any CPU.Build.0 = Release|Any CPU
		{C015C971-1362-4BA1-8490-C3180DC245BE}.Debug|Any CPU.ActiveCfg = Debug|Any CPU
		{C015C971-1362-4BA1-8490-C3180DC245BE}.Debug|Any CPU.Build.0 = Debug|Any CPU
		{C015C971-1362-4BA1-8490-C3180DC245BE}.Release|Any CPU.ActiveCfg = Release|Any CPU
		{C015C971-1362-4BA1-8490-C3180DC245BE}.Release|Any CPU.Build.0 = Release|Any CPU
		{DF478AF7-C27F-456A-99E7-79EA17833969}.Debug|Any CPU.ActiveCfg = Debug|Any CPU
		{DF478AF7-C27F-456A-99E7-79EA17833969}.Debug|Any CPU.Build.0 = Debug|Any CPU
		{DF478AF7-C27F-456A-99E7-79EA17833969}.Release|Any CPU.ActiveCfg = Release|Any CPU
		{DF478AF7-C27F-456A-99E7-79EA17833969}.Release|Any CPU.Build.0 = Release|Any CPU
		{13092FE0-3CCA-40D8-AA0F-C827EC8C373F}.Debug|Any CPU.ActiveCfg = Debug|Any CPU
		{13092FE0-3CCA-40D8-AA0F-C827EC8C373F}.Debug|Any CPU.Build.0 = Debug|Any CPU
		{13092FE0-3CCA-40D8-AA0F-C827EC8C373F}.Release|Any CPU.ActiveCfg = Release|Any CPU
		{13092FE0-3CCA-40D8-AA0F-C827EC8C373F}.Release|Any CPU.Build.0 = Release|Any CPU
		{02F7D3FD-6663-4274-AAAB-12D5122E246E}.Debug|Any CPU.ActiveCfg = Debug|Any CPU
		{02F7D3FD-6663-4274-AAAB-12D5122E246E}.Debug|Any CPU.Build.0 = Debug|Any CPU
		{02F7D3FD-6663-4274-AAAB-12D5122E246E}.Release|Any CPU.ActiveCfg = Release|Any CPU
		{02F7D3FD-6663-4274-AAAB-12D5122E246E}.Release|Any CPU.Build.0 = Release|Any CPU
		{19E7699F-A483-4725-A30F-DBD6B171362B}.Debug|Any CPU.ActiveCfg = Debug|Any CPU
		{19E7699F-A483-4725-A30F-DBD6B171362B}.Debug|Any CPU.Build.0 = Debug|Any CPU
		{19E7699F-A483-4725-A30F-DBD6B171362B}.Release|Any CPU.ActiveCfg = Release|Any CPU
		{19E7699F-A483-4725-A30F-DBD6B171362B}.Release|Any CPU.Build.0 = Release|Any CPU
		{A16488BC-BBA9-4437-B0DC-5DBEEEAE356E}.Debug|Any CPU.ActiveCfg = Debug|Any CPU
		{A16488BC-BBA9-4437-B0DC-5DBEEEAE356E}.Debug|Any CPU.Build.0 = Debug|Any CPU
		{A16488BC-BBA9-4437-B0DC-5DBEEEAE356E}.Release|Any CPU.ActiveCfg = Release|Any CPU
		{A16488BC-BBA9-4437-B0DC-5DBEEEAE356E}.Release|Any CPU.Build.0 = Release|Any CPU
		{9009408A-8328-41B4-B937-D549751E99D5}.Debug|Any CPU.ActiveCfg = Debug|Any CPU
		{9009408A-8328-41B4-B937-D549751E99D5}.Debug|Any CPU.Build.0 = Debug|Any CPU
		{9009408A-8328-41B4-B937-D549751E99D5}.Release|Any CPU.ActiveCfg = Release|Any CPU
		{9009408A-8328-41B4-B937-D549751E99D5}.Release|Any CPU.Build.0 = Release|Any CPU
	EndGlobalSection
	GlobalSection(SolutionProperties) = preSolution
		HideSolutionNode = FALSE
	EndGlobalSection
	GlobalSection(NestedProjects) = preSolution
		{40FAD8D1-36F3-4073-A3C7-615657F491AA} = {CA9AC87F-097E-4F15-8393-4BC07735A5B0}
		{B7F794B7-16FA-48E5-8476-3314A1621079} = {04DBDB01-70F4-4E06-B468-8F87850B22BE}
		{B00C9E2E-CD12-4640-AFD2-57A3E9CC6371} = {CA9AC87F-097E-4F15-8393-4BC07735A5B0}
		{259527FA-F8A9-44BF-8447-B85771517BDA} = {CA9AC87F-097E-4F15-8393-4BC07735A5B0}
		{7AB4D23D-0D10-4758-9AA4-CC2CC6B02F91} = {CA9AC87F-097E-4F15-8393-4BC07735A5B0}
		{9FBCE2F0-2339-40E1-B2C3-0350812A8502} = {CA9AC87F-097E-4F15-8393-4BC07735A5B0}
		{BCD51552-CE41-4103-9D27-76530B5C6595} = {CA9AC87F-097E-4F15-8393-4BC07735A5B0}
		{23946B10-264A-44A4-B0CD-DDD0DF53406C} = {CA9AC87F-097E-4F15-8393-4BC07735A5B0}
		{1F89558E-992E-459C-9C87-9CA026AA7DD6} = {04DBDB01-70F4-4E06-B468-8F87850B22BE}
		{B51EC479-D16B-41F7-A907-6EBAFD0FE2FD} = {04DBDB01-70F4-4E06-B468-8F87850B22BE}
		{28A22869-696F-4258-A0EE-1CCE984E8720} = {CA9AC87F-097E-4F15-8393-4BC07735A5B0}
		{C3D0ACFD-6FBD-406F-A52F-DF0E67ACA399} = {CA9AC87F-097E-4F15-8393-4BC07735A5B0}
		{83D8B522-7EF9-4A53-9645-E6100DA7EDB1} = {CA9AC87F-097E-4F15-8393-4BC07735A5B0}
		{11DEDC83-6C70-42B5-A45C-8D7BF1BF1E1C} = {CA9AC87F-097E-4F15-8393-4BC07735A5B0}
		{C015C971-1362-4BA1-8490-C3180DC245BE} = {CA9AC87F-097E-4F15-8393-4BC07735A5B0}
		{DF478AF7-C27F-456A-99E7-79EA17833969} = {CA9AC87F-097E-4F15-8393-4BC07735A5B0}
		{13092FE0-3CCA-40D8-AA0F-C827EC8C373F} = {04DBDB01-70F4-4E06-B468-8F87850B22BE}
		{02F7D3FD-6663-4274-AAAB-12D5122E246E} = {CA9AC87F-097E-4F15-8393-4BC07735A5B0}
		{19E7699F-A483-4725-A30F-DBD6B171362B} = {CA9AC87F-097E-4F15-8393-4BC07735A5B0}
		{A16488BC-BBA9-4437-B0DC-5DBEEEAE356E} = {CA9AC87F-097E-4F15-8393-4BC07735A5B0}
		{9009408A-8328-41B4-B937-D549751E99D5} = {CA9AC87F-097E-4F15-8393-4BC07735A5B0}
	EndGlobalSection
	GlobalSection(ExtensibilityGlobals) = postSolution
		SolutionGuid = {28315BFD-90E7-4E14-A2EA-F3D23AF4126F}
	EndGlobalSection
EndGlobal
